
Microsoft Visual Studio Solution File, Format Version 12.00
# Visual Studio 15
Project("{FAE04EC0-301F-11D3-BF4B-00C04F79EFBC}") = "Assembly-CSharp", "Assembly-CSharp.csproj", "{2AA5C612-6772-5DCF-FA19-B284790C6B73}"
EndProject
Project("{FAE04EC0-301F-11D3-BF4B-00C04F79EFBC}") = "Assembly-CSharp-Editor", "Assembly-CSharp-Editor.csproj", "{75D7E349-FCA9-2201-8BFC-A78F9E7D83A4}"
EndProject
Global
	GlobalSection(SolutionConfigurationPlatforms) = preSolution
		Debug|Any CPU = Debug|Any CPU
		Release|Any CPU = Release|Any CPU
	EndGlobalSection
	GlobalSection(ProjectConfigurationPlatforms) = postSolution
		{2AA5C612-6772-5DCF-FA19-B284790C6B73}.Debug|Any CPU.ActiveCfg = Debug|Any CPU
		{2AA5C612-6772-5DCF-FA19-B284790C6B73}.Debug|Any CPU.Build.0 = Debug|Any CPU
		{2AA5C612-6772-5DCF-FA19-B284790C6B73}.Release|Any CPU.ActiveCfg = Release|Any CPU
		{2AA5C612-6772-5DCF-FA19-B284790C6B73}.Release|Any CPU.Build.0 = Release|Any CPU
		{75D7E349-FCA9-2201-8BFC-A78F9E7D83A4}.Debug|Any CPU.ActiveCfg = Debug|Any CPU
		{75D7E349-FCA9-2201-8BFC-A78F9E7D83A4}.Debug|Any CPU.Build.0 = Debug|Any CPU
		{75D7E349-FCA9-2201-8BFC-A78F9E7D83A4}.Release|Any CPU.ActiveCfg = Release|Any CPU
		{75D7E349-FCA9-2201-8BFC-A78F9E7D83A4}.Release|Any CPU.Build.0 = Release|Any CPU
	EndGlobalSection
	GlobalSection(SolutionProperties) = preSolution
		HideSolutionNode = FALSE
	EndGlobalSection
EndGlobal
